{
  "name": "graphmind-viz",
  "version": "0.1.0",
  "lockfileVersion": 3,
  "requires": true,
  "packages": {
    "": {
      "name": "graphmind-viz",
      "version": "0.1.0",
      "dependencies": {
        "cytoscape": "^3.29.2",
        "react": "^18.3.1",
        "react-dom": "^18.3.1"
      },
      "devDependencies": {
        "@vitejs/plugin-react": "^4.3.0",
        "vite": "^5.2.11"
      }
    },
    "node_modules/cytoscape": {
      "version": "3.29.2",
      "resolved": "https://registry.npmjs.org/cytoscape/-/cytoscape-3.29.2.tgz",
      "integrity": "sha512-QUJiPCGyfJkTbfyUdFiFEfx1bO6EENgiNsB+YIoJgYvd3Z4VogjlTgGiY3ZxfXmU+nDu10GX7kaD4+X0B4XyXg=="
    },
    "node_modules/react": {
      "version": "18.3.1",
      "resolved": "https://registry.npmjs.org/react/-/react-18.3.1.tgz",
      "integrity": "sha512-wS+hAgJShR0KhEvPJArfuPVN1+Hz1t0Y6n5jLrGQbkb4urgPE/0Rve+1kMB1v/oWgHgm4WIcV+i7F2pTVj+2iQ=="
    },
    "node_modules/vite": {
      "version": "5.2.11",
      "resolved": "https://registry.npmjs.org/vite/-/vite-5.2.11.tgz",
      "integrity": "sha512-HndV31LWW05i1BLPMUCE1B9E9GFbOu1MbenhS58FuK6owSO5qHm7GiCotrNY1YE5rMeQSFBGmT5ZaLEjFizgiQ==",
      "dev": true
    }
  }
}
